
Microsoft Visual Studio Solution File, Format Version 12.00
# Visual Studio Version 17
VisualStudioVersion = 17.6.33723.286
MinimumVisualStudioVersion = 10.0.40219.1
Project("{9A19103F-16F7-4668-BE54-9A1E7A4F7556}") = "ConsoleApp1", "ConsoleApp1\ConsoleApp1.csproj", "{B46AC36E-E005-42A4-89A7-5FFDEFCBE579}"
EndProject
Project("{FAE04EC0-301F-11D3-BF4B-00C04F79EFBC}") = "TestProject1", "TestProject1\TestProject1.csproj", "{D5141F96-CE57-4498-87F4-8172FF0D4C97}"
EndProject
Global
	GlobalSection(SolutionConfigurationPlatforms) = preSolution
		Debug|Any CPU = Debug|Any CPU
		Release|Any CPU = Release|Any CPU
	EndGlobalSection
	GlobalSection(ProjectConfigurationPlatforms) = postSolution
		{B46AC36E-E005-42A4-89A7-5FFDEFCBE579}.Debug|Any CPU.ActiveCfg = Debug|Any CPU
		{B46AC36E-E005-42A4-89A7-5FFDEFCBE579}.Debug|Any CPU.Build.0 = Debug|Any CPU
		{B46AC36E-E005-42A4-89A7-5FFDEFCBE579}.Release|Any CPU.ActiveCfg = Release|Any CPU
		{B46AC36E-E005-42A4-89A7-5FFDEFCBE579}.Release|Any CPU.Build.0 = Release|Any CPU
		{D5141F96-CE57-4498-87F4-8172FF0D4C97}.Debug|Any CPU.ActiveCfg = Debug|Any CPU
		{D5141F96-CE57-4498-87F4-8172FF0D4C97}.Debug|Any CPU.Build.0 = Debug|Any CPU
		{D5141F96-CE57-4498-87F4-8172FF0D4C97}.Release|Any CPU.ActiveCfg = Release|Any CPU
		{D5141F96-CE57-4498-87F4-8172FF0D4C97}.Release|Any CPU.Build.0 = Release|Any CPU
	EndGlobalSection
	GlobalSection(SolutionProperties) = preSolution
		HideSolutionNode = FALSE
	EndGlobalSection
	GlobalSection(ExtensibilityGlobals) = postSolution
		SolutionGuid = {2A7CD5B9-BB57-467E-B719-E321BEA93117}
	EndGlobalSection
EndGlobal
